
Microsoft Visual Studio Solution File, Format Version 12.00
# Visual Studio Version 16
VisualStudioVersion = 16.0.30804.86
MinimumVisualStudioVersion = 10.0.40219.1
Project("{9A19103F-16F7-4668-BE54-9A1E7A4F7556}") = "TemperatureWPF", "TemperatureWPF.csproj", "{257C9AB3-555F-4D8D-8906-E577C53D8FC7}"
EndProject
Global
	GlobalSection(SolutionConfigurationPlatforms) = preSolution
		Debug|Any CPU = Debug|Any CPU
		Release|Any CPU = Release|Any CPU
	EndGlobalSection
	GlobalSection(ProjectConfigurationPlatforms) = postSolution
		{257C9AB3-555F-4D8D-8906-E577C53D8FC7}.Debug|Any CPU.ActiveCfg = Debug|Any CPU
		{257C9AB3-555F-4D8D-8906-E577C53D8FC7}.Debug|Any CPU.Build.0 = Debug|Any CPU
		{257C9AB3-555F-4D8D-8906-E577C53D8FC7}.Release|Any CPU.ActiveCfg = Release|Any CPU
		{257C9AB3-555F-4D8D-8906-E577C53D8FC7}.Release|Any CPU.Build.0 = Release|Any CPU
	EndGlobalSection
	GlobalSection(SolutionProperties) = preSolution
		HideSolutionNode = FALSE
	EndGlobalSection
	GlobalSection(ExtensibilityGlobals) = postSolution
		SolutionGuid = {A83BD9B4-4408-4BD5-93D3-C8EA0293756A}
	EndGlobalSection
EndGlobal
